
Microsoft Visual Studio Solution File, Format Version 12.00
# Visual Studio Version 16
VisualStudioVersion = 16.0.32929.386
MinimumVisualStudioVersion = 10.0.40219.1
Project("{FAE04EC0-301F-11D3-BF4B-00C04F79EFBC}") = "Componentes", "Componentes\Componentes.csproj", "{5F1C7953-4CE5-4399-B667-10D64EADF3B1}"
EndProject
Global
	GlobalSection(SolutionConfigurationPlatforms) = preSolution
		Debug|Any CPU = Debug|Any CPU
		Release|Any CPU = Release|Any CPU
	EndGlobalSection
	GlobalSection(ProjectConfigurationPlatforms) = postSolution
		{5F1C7953-4CE5-4399-B667-10D64EADF3B1}.Debug|Any CPU.ActiveCfg = Debug|Any CPU
		{5F1C7953-4CE5-4399-B667-10D64EADF3B1}.Debug|Any CPU.Build.0 = Debug|Any CPU
		{5F1C7953-4CE5-4399-B667-10D64EADF3B1}.Release|Any CPU.ActiveCfg = Release|Any CPU
		{5F1C7953-4CE5-4399-B667-10D64EADF3B1}.Release|Any CPU.Build.0 = Release|Any CPU
	EndGlobalSection
	GlobalSection(SolutionProperties) = preSolution
		HideSolutionNode = FALSE
	EndGlobalSection
	GlobalSection(ExtensibilityGlobals) = postSolution
		SolutionGuid = {42080476-407A-49D3-BFB4-94BD2AAE68EC}
	EndGlobalSection
EndGlobal
